
Microsoft Visual Studio Solution File, Format Version 12.00
# Visual Studio Version 17
VisualStudioVersion = 17.12.35707.178 d17.12
MinimumVisualStudioVersion = 10.0.40219.1
Project("{FAE04EC0-301F-11D3-BF4B-00C04F79EFBC}") = "Calculator.CLI", "Calculator\Calculator.CLI.csproj", "{91D3F510-6837-49A7-8954-E158425E2E8E}"
EndProject
Project("{FAE04EC0-301F-11D3-BF4B-00C04F79EFBC}") = "Calculator.Core", "Calculator.Core\Calculator.Core.csproj", "{A1F3C8C6-DBBA-4154-9BAC-6DFD1AF11017}"
EndProject
Project("{FAE04EC0-301F-11D3-BF4B-00C04F79EFBC}") = "Calculator.Tests", "Calculator.Tests\Calculator.Tests.csproj", "{5528D2CB-EB2B-40DC-B93E-9BB91F39F4B7}"
EndProject
Global
	GlobalSection(SolutionConfigurationPlatforms) = preSolution
		Debug|Any CPU = Debug|Any CPU
		Release|Any CPU = Release|Any CPU
	EndGlobalSection
	GlobalSection(ProjectConfigurationPlatforms) = postSolution
		{91D3F510-6837-49A7-8954-E158425E2E8E}.Debug|Any CPU.ActiveCfg = Debug|Any CPU
		{91D3F510-6837-49A7-8954-E158425E2E8E}.Debug|Any CPU.Build.0 = Debug|Any CPU
		{91D3F510-6837-49A7-8954-E158425E2E8E}.Release|Any CPU.ActiveCfg = Release|Any CPU
		{91D3F510-6837-49A7-8954-E158425E2E8E}.Release|Any CPU.Build.0 = Release|Any CPU
		{A1F3C8C6-DBBA-4154-9BAC-6DFD1AF11017}.Debug|Any CPU.ActiveCfg = Debug|Any CPU
		{A1F3C8C6-DBBA-4154-9BAC-6DFD1AF11017}.Debug|Any CPU.Build.0 = Debug|Any CPU
		{A1F3C8C6-DBBA-4154-9BAC-6DFD1AF11017}.Release|Any CPU.ActiveCfg = Release|Any CPU
		{A1F3C8C6-DBBA-4154-9BAC-6DFD1AF11017}.Release|Any CPU.Build.0 = Release|Any CPU
		{5528D2CB-EB2B-40DC-B93E-9BB91F39F4B7}.Debug|Any CPU.ActiveCfg = Debug|Any CPU
		{5528D2CB-EB2B-40DC-B93E-9BB91F39F4B7}.Debug|Any CPU.Build.0 = Debug|Any CPU
		{5528D2CB-EB2B-40DC-B93E-9BB91F39F4B7}.Release|Any CPU.ActiveCfg = Release|Any CPU
		{5528D2CB-EB2B-40DC-B93E-9BB91F39F4B7}.Release|Any CPU.Build.0 = Release|Any CPU
	EndGlobalSection
	GlobalSection(SolutionProperties) = preSolution
		HideSolutionNode = FALSE
	EndGlobalSection
EndGlobal
